# This file is generated by running "yarn install" inside your project.
# Manual changes might be lost - proceed with caution!

__metadata:
  version: 6
  cacheKey: 8

"@types/commander@npm:^2.12.2":
  version: 2.12.2
  resolution: "@types/commander@npm:2.12.2"
  dependencies:
    commander: "*"
  checksum: 8cfc1797b3a6cbff7d723590480c36f5569dc1a9f2810770178ce10de1ed65655ae2ef954c9051fa176760dcf87b1e5330be65ef2e77e58c904be0e299b8b08e
  languageName: node
  linkType: hard

"commander@npm:*, commander@npm:^9.3.0":
  version: 9.4.0
  resolution: "commander@npm:9.4.0"
  checksum: a322de584a6ccd1ea83c24f6a660e52d16ffbe2613fcfbb8d2cc68bc9dec637492456d754fe8bb5b039ad843ed8e04fb0b107e581a75f62cde9e1a0ab1546e09
  languageName: node
  linkType: hard

"dedent-js@npm:^1.0.1":
  version: 1.0.1
  resolution: "dedent-js@npm:1.0.1"
  checksum: 3a86f4b11176b387c0633b4b201aef884f9bc83eb9485bd1156c5d9b3984a58fd7686f8213b67212b714a1abf00279bef5cd4eea6a9a7f033e37ce33352af9a9
  languageName: node
  linkType: hard

"dodao-aave-introduction-course@workspace:.":
  version: 0.0.0-use.local
  resolution: "dodao-aave-introduction-course@workspace:."
  dependencies:
    dodao-course-processor: ^0.1.28
  languageName: unknown
  linkType: soft

"dodao-course-processor@npm:^0.1.28":
  version: 0.1.28
  resolution: "dodao-course-processor@npm:0.1.28"
  dependencies:
    "@types/commander": ^2.12.2
    commander: ^9.3.0
    dedent-js: ^1.0.1
    jsonschema: ^1.4.1
    lodash: ^4.17.21
    yaml: ^2.1.1
  bin:
    dodao-course-processor: dist/index.js
  checksum: 5ab20e45adfaa81d6faa6019a6cb8ae4ecce0f680775b89c0149ffaccee0e698b68ee752a5d1c93b81032409790c5ef65bb3a3f09c01ed3745730b510e0a5268
  languageName: node
  linkType: hard

"jsonschema@npm:^1.4.1":
  version: 1.4.1
  resolution: "jsonschema@npm:1.4.1"
  checksum: 1ef02a6cd9bc32241ec86bbf1300bdbc3b5f2d8df6eb795517cf7d1cd9909e7beba1e54fdf73990fd66be98a182bda9add9607296b0cb00b1348212988e424b2
  languageName: node
  linkType: hard

"lodash@npm:^4.17.21":
  version: 4.17.21
  resolution: "lodash@npm:4.17.21"
  checksum: eb835a2e51d381e561e508ce932ea50a8e5a68f4ebdd771ea240d3048244a8d13658acbd502cd4829768c56f2e16bdd4340b9ea141297d472517b83868e677f7
  languageName: node
  linkType: hard

"yaml@npm:^2.1.1":
  version: 2.1.1
  resolution: "yaml@npm:2.1.1"
  checksum: f48bb209918aa57cfaf78ef6448d1a1f8187f45c746f933268b7023dc59e5456004611879126c9bb5ea55b0a2b1c2b392dfde436931ece0c703a3d754562bb96
  languageName: node
  linkType: hard
